
Microsoft Visual Studio Solution File, Format Version 12.00
# Visual Studio Version 16
VisualStudioVersion = 16.0.31729.503
MinimumVisualStudioVersion = 10.0.40219.1
Project("{FAE04EC0-301F-11D3-BF4B-00C04F79EFBC}") = "BinarySearch", "BinarySearch\BinarySearch.csproj", "{CEE2F1CD-4D0E-4014-9ABA-80182874FDCE}"
EndProject
Global
	GlobalSection(SolutionConfigurationPlatforms) = preSolution
		Debug|Any CPU = Debug|Any CPU
		Release|Any CPU = Release|Any CPU
	EndGlobalSection
	GlobalSection(ProjectConfigurationPlatforms) = postSolution
		{CEE2F1CD-4D0E-4014-9ABA-80182874FDCE}.Debug|Any CPU.ActiveCfg = Debug|Any CPU
		{CEE2F1CD-4D0E-4014-9ABA-80182874FDCE}.Debug|Any CPU.Build.0 = Debug|Any CPU
		{CEE2F1CD-4D0E-4014-9ABA-80182874FDCE}.Release|Any CPU.ActiveCfg = Release|Any CPU
		{CEE2F1CD-4D0E-4014-9ABA-80182874FDCE}.Release|Any CPU.Build.0 = Release|Any CPU
	EndGlobalSection
	GlobalSection(SolutionProperties) = preSolution
		HideSolutionNode = FALSE
	EndGlobalSection
	GlobalSection(ExtensibilityGlobals) = postSolution
		SolutionGuid = {2933F7D3-D807-4BC4-937B-4663A3DC2F4C}
	EndGlobalSection
EndGlobal
